
Microsoft Visual Studio Solution File, Format Version 12.00
# Visual Studio Version 17
VisualStudioVersion = 17.9.34607.119
MinimumVisualStudioVersion = 10.0.40219.1
Project("{FAE04EC0-301F-11D3-BF4B-00C04F79EFBC}") = "Assignment-Quiz-1", "Assignment-Quiz-1\Assignment-Quiz-1.csproj", "{EECB2DCA-AB39-49A1-8018-74A80E37017B}"
EndProject
Global
	GlobalSection(SolutionConfigurationPlatforms) = preSolution
		Debug|Any CPU = Debug|Any CPU
		Release|Any CPU = Release|Any CPU
	EndGlobalSection
	GlobalSection(ProjectConfigurationPlatforms) = postSolution
		{EECB2DCA-AB39-49A1-8018-74A80E37017B}.Debug|Any CPU.ActiveCfg = Debug|Any CPU
		{EECB2DCA-AB39-49A1-8018-74A80E37017B}.Debug|Any CPU.Build.0 = Debug|Any CPU
		{EECB2DCA-AB39-49A1-8018-74A80E37017B}.Release|Any CPU.ActiveCfg = Release|Any CPU
		{EECB2DCA-AB39-49A1-8018-74A80E37017B}.Release|Any CPU.Build.0 = Release|Any CPU
	EndGlobalSection
	GlobalSection(SolutionProperties) = preSolution
		HideSolutionNode = FALSE
	EndGlobalSection
	GlobalSection(ExtensibilityGlobals) = postSolution
		SolutionGuid = {C116383E-22CC-48AA-880C-3BBF0899C084}
	EndGlobalSection
EndGlobal
